
Microsoft Visual Studio Solution File, Format Version 12.00
# Visual Studio Version 16
VisualStudioVersion = 16.0.29728.190
MinimumVisualStudioVersion = 10.0.40219.1
Project("{2150E333-8FDC-42A3-9474-1A3956D46DE8}") = "Microservices", "Microservices", "{15EEBF31-3E2F-412F-8C78-15C7A42D9D25}"
EndProject
Project("{2150E333-8FDC-42A3-9474-1A3956D46DE8}") = "Domain", "Domain", "{68347174-86AB-4CA3-80E5-27090C469C45}"
EndProject
Project("{2150E333-8FDC-42A3-9474-1A3956D46DE8}") = "Infra.Bus", "Infra.Bus", "{FBC42A52-A398-450D-8B39-19D9AEFA84D6}"
EndProject
Project("{2150E333-8FDC-42A3-9474-1A3956D46DE8}") = "Infra.Ioc", "Infra.Ioc", "{D40D4472-6881-43E1-815C-1263FDB81A78}"
EndProject
Project("{2150E333-8FDC-42A3-9474-1A3956D46DE8}") = "Presentation", "Presentation", "{00548E16-E897-452A-96B6-11C9F22126A3}"
EndProject
Project("{9A19103F-16F7-4668-BE54-9A1E7A4F7556}") = "MicroRabbit.Domain.Core", "MicroRabbit.Domain.Core\MicroRabbit.Domain.Core.csproj", "{FF0C61AE-9A99-478A-8861-D325923B1177}"
EndProject
Project("{9A19103F-16F7-4668-BE54-9A1E7A4F7556}") = "MicroRabbit.Infra.Bus", "MicroRabbit.Infra.Bus\MicroRabbit.Infra.Bus.csproj", "{1E33AF44-CC86-41BC-BFFE-10180A50D06A}"
EndProject
Project("{FAE04EC0-301F-11D3-BF4B-00C04F79EFBC}") = "MicroRabbit.Infra.Ioc", "MicroRabbit.Infra.Ioc\MicroRabbit.Infra.Ioc.csproj", "{574F614A-DC22-4DAE-9B77-DA64E8CBD284}"
EndProject
Project("{2150E333-8FDC-42A3-9474-1A3956D46DE8}") = "Banking", "Banking", "{8E4B5F74-09FD-478A-AD31-255517966FE4}"
EndProject
Project("{2150E333-8FDC-42A3-9474-1A3956D46DE8}") = "Api", "Api", "{953846B9-2E3A-468A-AC2B-41754AC85806}"
EndProject
Project("{2150E333-8FDC-42A3-9474-1A3956D46DE8}") = "Application", "Application", "{5E72AD09-BC33-41D5-8424-04FC5101ED97}"
EndProject
Project("{2150E333-8FDC-42A3-9474-1A3956D46DE8}") = "Data", "Data", "{61EA0CDC-D168-4A06-AB04-226EFB192429}"
EndProject
Project("{2150E333-8FDC-42A3-9474-1A3956D46DE8}") = "Domain", "Domain", "{8D187454-9A50-4BBC-A21D-3B8D4812F4EB}"
EndProject
Project("{FAE04EC0-301F-11D3-BF4B-00C04F79EFBC}") = "MicroRabbit.Banking.API", "MicroRabbit.Banking.API\MicroRabbit.Banking.API.csproj", "{EBC5A2D1-2B1A-494C-90F9-411B3A4B642D}"
EndProject
Project("{FAE04EC0-301F-11D3-BF4B-00C04F79EFBC}") = "MicroRabbit.Banking.Application", "MicroRabbit.Banking.Application\MicroRabbit.Banking.Application.csproj", "{EF5B187E-B86B-4741-B983-29E5ABF34D57}"
EndProject
Project("{FAE04EC0-301F-11D3-BF4B-00C04F79EFBC}") = "MicroRabbit.Banking.Data", "MicroRabbit.Banking.Data\MicroRabbit.Banking.Data.csproj", "{71E584E3-1F10-412D-90F4-5171E0301135}"
EndProject
Project("{FAE04EC0-301F-11D3-BF4B-00C04F79EFBC}") = "MicroRabbit.Banking.Domain", "MicroRabbit.Banking.Domain\MicroRabbit.Banking.Domain.csproj", "{1B643281-B5D4-43A1-85EA-A2358740BBCD}"
EndProject
Global
	GlobalSection(SolutionConfigurationPlatforms) = preSolution
		Debug|Any CPU = Debug|Any CPU
		Release|Any CPU = Release|Any CPU
	EndGlobalSection
	GlobalSection(ProjectConfigurationPlatforms) = postSolution
		{FF0C61AE-9A99-478A-8861-D325923B1177}.Debug|Any CPU.ActiveCfg = Debug|Any CPU
		{FF0C61AE-9A99-478A-8861-D325923B1177}.Debug|Any CPU.Build.0 = Debug|Any CPU
		{FF0C61AE-9A99-478A-8861-D325923B1177}.Release|Any CPU.ActiveCfg = Release|Any CPU
		{FF0C61AE-9A99-478A-8861-D325923B1177}.Release|Any CPU.Build.0 = Release|Any CPU
		{1E33AF44-CC86-41BC-BFFE-10180A50D06A}.Debug|Any CPU.ActiveCfg = Debug|Any CPU
		{1E33AF44-CC86-41BC-BFFE-10180A50D06A}.Debug|Any CPU.Build.0 = Debug|Any CPU
		{1E33AF44-CC86-41BC-BFFE-10180A50D06A}.Release|Any CPU.ActiveCfg = Release|Any CPU
		{1E33AF44-CC86-41BC-BFFE-10180A50D06A}.Release|Any CPU.Build.0 = Release|Any CPU
		{574F614A-DC22-4DAE-9B77-DA64E8CBD284}.Debug|Any CPU.ActiveCfg = Debug|Any CPU
		{574F614A-DC22-4DAE-9B77-DA64E8CBD284}.Debug|Any CPU.Build.0 = Debug|Any CPU
		{574F614A-DC22-4DAE-9B77-DA64E8CBD284}.Release|Any CPU.ActiveCfg = Release|Any CPU
		{574F614A-DC22-4DAE-9B77-DA64E8CBD284}.Release|Any CPU.Build.0 = Release|Any CPU
		{EBC5A2D1-2B1A-494C-90F9-411B3A4B642D}.Debug|Any CPU.ActiveCfg = Debug|Any CPU
		{EBC5A2D1-2B1A-494C-90F9-411B3A4B642D}.Debug|Any CPU.Build.0 = Debug|Any CPU
		{EBC5A2D1-2B1A-494C-90F9-411B3A4B642D}.Release|Any CPU.ActiveCfg = Release|Any CPU
		{EBC5A2D1-2B1A-494C-90F9-411B3A4B642D}.Release|Any CPU.Build.0 = Release|Any CPU
		{EF5B187E-B86B-4741-B983-29E5ABF34D57}.Debug|Any CPU.ActiveCfg = Debug|Any CPU
		{EF5B187E-B86B-4741-B983-29E5ABF34D57}.Debug|Any CPU.Build.0 = Debug|Any CPU
		{EF5B187E-B86B-4741-B983-29E5ABF34D57}.Release|Any CPU.ActiveCfg = Release|Any CPU
		{EF5B187E-B86B-4741-B983-29E5ABF34D57}.Release|Any CPU.Build.0 = Release|Any CPU
		{71E584E3-1F10-412D-90F4-5171E0301135}.Debug|Any CPU.ActiveCfg = Debug|Any CPU
		{71E584E3-1F10-412D-90F4-5171E0301135}.Debug|Any CPU.Build.0 = Debug|Any CPU
		{71E584E3-1F10-412D-90F4-5171E0301135}.Release|Any CPU.ActiveCfg = Release|Any CPU
		{71E584E3-1F10-412D-90F4-5171E0301135}.Release|Any CPU.Build.0 = Release|Any CPU
		{1B643281-B5D4-43A1-85EA-A2358740BBCD}.Debug|Any CPU.ActiveCfg = Debug|Any CPU
		{1B643281-B5D4-43A1-85EA-A2358740BBCD}.Debug|Any CPU.Build.0 = Debug|Any CPU
		{1B643281-B5D4-43A1-85EA-A2358740BBCD}.Release|Any CPU.ActiveCfg = Release|Any CPU
		{1B643281-B5D4-43A1-85EA-A2358740BBCD}.Release|Any CPU.Build.0 = Release|Any CPU
	EndGlobalSection
	GlobalSection(SolutionProperties) = preSolution
		HideSolutionNode = FALSE
	EndGlobalSection
	GlobalSection(NestedProjects) = preSolution
		{FF0C61AE-9A99-478A-8861-D325923B1177} = {68347174-86AB-4CA3-80E5-27090C469C45}
		{1E33AF44-CC86-41BC-BFFE-10180A50D06A} = {FBC42A52-A398-450D-8B39-19D9AEFA84D6}
		{574F614A-DC22-4DAE-9B77-DA64E8CBD284} = {D40D4472-6881-43E1-815C-1263FDB81A78}
		{8E4B5F74-09FD-478A-AD31-255517966FE4} = {15EEBF31-3E2F-412F-8C78-15C7A42D9D25}
		{953846B9-2E3A-468A-AC2B-41754AC85806} = {8E4B5F74-09FD-478A-AD31-255517966FE4}
		{5E72AD09-BC33-41D5-8424-04FC5101ED97} = {8E4B5F74-09FD-478A-AD31-255517966FE4}
		{61EA0CDC-D168-4A06-AB04-226EFB192429} = {8E4B5F74-09FD-478A-AD31-255517966FE4}
		{8D187454-9A50-4BBC-A21D-3B8D4812F4EB} = {8E4B5F74-09FD-478A-AD31-255517966FE4}
		{EBC5A2D1-2B1A-494C-90F9-411B3A4B642D} = {953846B9-2E3A-468A-AC2B-41754AC85806}
		{EF5B187E-B86B-4741-B983-29E5ABF34D57} = {5E72AD09-BC33-41D5-8424-04FC5101ED97}
		{71E584E3-1F10-412D-90F4-5171E0301135} = {61EA0CDC-D168-4A06-AB04-226EFB192429}
		{1B643281-B5D4-43A1-85EA-A2358740BBCD} = {8D187454-9A50-4BBC-A21D-3B8D4812F4EB}
	EndGlobalSection
	GlobalSection(ExtensibilityGlobals) = postSolution
		SolutionGuid = {D45492CC-F224-4877-B670-EAB6C97D5AEE}
	EndGlobalSection
EndGlobal
